
Microsoft Visual Studio Solution File, Format Version 12.00
# Visual Studio 15
VisualStudioVersion = 15.0.27130.2024
MinimumVisualStudioVersion = 10.0.40219.1
Project("{9A19103F-16F7-4668-BE54-9A1E7A4F7556}") = "Eshopworld.Caching.Redis", "Eshopworld.Caching.Redis\Eshopworld.Caching.Redis.csproj", "{612EB525-870E-443F-9656-7CEBBC19AC26}"
EndProject
Project("{FAE04EC0-301F-11D3-BF4B-00C04F79EFBC}") = "Eshopworld.Caching.Redis.Tests", "Tests\Eshopworld.Caching.Redis.Tests\Eshopworld.Caching.Redis.Tests.csproj", "{EBA5EBC4-188B-421A-8CB0-B36967960A33}"
EndProject
Global
	GlobalSection(SolutionConfigurationPlatforms) = preSolution
		Debug|Any CPU = Debug|Any CPU
		Release|Any CPU = Release|Any CPU
	EndGlobalSection
	GlobalSection(ProjectConfigurationPlatforms) = postSolution
		{612EB525-870E-443F-9656-7CEBBC19AC26}.Debug|Any CPU.ActiveCfg = Debug|Any CPU
		{612EB525-870E-443F-9656-7CEBBC19AC26}.Debug|Any CPU.Build.0 = Debug|Any CPU
		{612EB525-870E-443F-9656-7CEBBC19AC26}.Release|Any CPU.ActiveCfg = Release|Any CPU
		{612EB525-870E-443F-9656-7CEBBC19AC26}.Release|Any CPU.Build.0 = Release|Any CPU
		{EBA5EBC4-188B-421A-8CB0-B36967960A33}.Debug|Any CPU.ActiveCfg = Debug|Any CPU
		{EBA5EBC4-188B-421A-8CB0-B36967960A33}.Debug|Any CPU.Build.0 = Debug|Any CPU
		{EBA5EBC4-188B-421A-8CB0-B36967960A33}.Release|Any CPU.ActiveCfg = Release|Any CPU
		{EBA5EBC4-188B-421A-8CB0-B36967960A33}.Release|Any CPU.Build.0 = Release|Any CPU
	EndGlobalSection
	GlobalSection(SolutionProperties) = preSolution
		HideSolutionNode = FALSE
	EndGlobalSection
	GlobalSection(ExtensibilityGlobals) = postSolution
		SolutionGuid = {E354C19E-F428-4C10-8145-DFFFBDA1FC30}
	EndGlobalSection
EndGlobal
